// !$*UTF8*$!
{
	archiveVersion = 1;
	classes = {
	};
	objectVersion = 56;
	objects = {

/* Begin PBXBuildFile section */
		DD0047E02ACB95AD00DD9A02 /* AppDelegate.swift in Sources */ = {isa = PBXBuildFile; fileRef = DD0047DF2ACB95AD00DD9A02 /* AppDelegate.swift */; };
		DD0047E22ACB95AD00DD9A02 /* SceneDelegate.swift in Sources */ = {isa = PBXBuildFile; fileRef = DD0047E12ACB95AD00DD9A02 /* SceneDelegate.swift */; };
		DD0047E42ACB95AD00DD9A02 /* ViewController.swift in Sources */ = {isa = PBXBuildFile; fileRef = DD0047E32ACB95AD00DD9A02 /* ViewController.swift */; };
		DD0047E72ACB95AD00DD9A02 /* Main.storyboard in Resources */ = {isa = PBXBuildFile; fileRef = DD0047E52ACB95AD00DD9A02 /* Main.storyboard */; };
		DD0047E92ACB95AF00DD9A02 /* Assets.xcassets in Resources */ = {isa = PBXBuildFile; fileRef = DD0047E82ACB95AF00DD9A02 /* Assets.xcassets */; };
		DD0047EC2ACB95AF00DD9A02 /* LaunchScreen.storyboard in Resources */ = {isa = PBXBuildFile; fileRef = DD0047EA2ACB95AF00DD9A02 /* LaunchScreen.storyboard */; };
		DD0047F42ACB96C500DD9A02 /* FirstScreenView.swift in Sources */ = {isa = PBXBuildFile; fileRef = DD0047F32ACB96C500DD9A02 /* FirstScreenView.swift */; };
		DD0047F62ACB992E00DD9A02 /* TableViewExpenseCell.swift in Sources */ = {isa = PBXBuildFile; fileRef = DD0047F52ACB992E00DD9A02 /* TableViewExpenseCell.swift */; };
		DD0047F82ACB9DEE00DD9A02 /* Expense.swift in Sources */ = {isa = PBXBuildFile; fileRef = DD0047F72ACB9DEE00DD9A02 /* Expense.swift */; };
		DD0047FC2ACBAE6D00DD9A02 /* AddExpenseView.swift in Sources */ = {isa = PBXBuildFile; fileRef = DD0047FB2ACBAE6D00DD9A02 /* AddExpenseView.swift */; };
		DD0047FE2ACBAE8C00DD9A02 /* AddExpenseViewController.swift in Sources */ = {isa = PBXBuildFile; fileRef = DD0047FD2ACBAE8C00DD9A02 /* AddExpenseViewController.swift */; };
		DD0048002ACBB74B00DD9A02 /* Utilities.swift in Sources */ = {isa = PBXBuildFile; fileRef = DD0047FF2ACBB74B00DD9A02 /* Utilities.swift */; };
		DD0048032ACBBD3400DD9A02 /* DisplayExpenseViewController.swift in Sources */ = {isa = PBXBuildFile; fileRef = DD0048022ACBBD3400DD9A02 /* DisplayExpenseViewController.swift */; };
		DD0048052ACBBDB800DD9A02 /* DisplayExpense.swift in Sources */ = {isa = PBXBuildFile; fileRef = DD0048042ACBBDB800DD9A02 /* DisplayExpense.swift */; };
/* End PBXBuildFile section */

/* Begin PBXFileReference section */
		DD0047DC2ACB95AD00DD9A02 /* ExpenseApp.app */ = {isa = PBXFileReference; explicitFileType = wrapper.application; includeInIndex = 0; path = ExpenseApp.app; sourceTree = BUILT_PRODUCTS_DIR; };
		DD0047DF2ACB95AD00DD9A02 /* AppDelegate.swift */ = {isa = PBXFileReference; lastKnownFileType = sourcecode.swift; path = AppDelegate.swift; sourceTree = "<group>"; };
		DD0047E12ACB95AD00DD9A02 /* SceneDelegate.swift */ = {isa = PBXFileReference; lastKnownFileType = sourcecode.swift; path = SceneDelegate.swift; sourceTree = "<group>"; };
		DD0047E32ACB95AD00DD9A02 /* ViewController.swift */ = {isa = PBXFileReference; lastKnownFileType = sourcecode.swift; path = ViewController.swift; sourceTree = "<group>"; };
		DD0047E62ACB95AD00DD9A02 /* Base */ = {isa = PBXFileReference; lastKnownFileType = file.storyboard; name = Base; path = Base.lproj/Main.storyboard; sourceTree = "<group>"; };
		DD0047E82ACB95AF00DD9A02 /* Assets.xcassets */ = {isa = PBXFileReference; lastKnownFileType = folder.assetcatalog; path = Assets.xcassets; sourceTree = "<group>"; };
		DD0047EB2ACB95AF00DD9A02 /* Base */ = {isa = PBXFileReference; lastKnownFileType = file.storyboard; name = Base; path = Base.lproj/LaunchScreen.storyboard; sourceTree = "<group>"; };
		DD0047ED2ACB95AF00DD9A02 /* Info.plist */ = {isa = PBXFileReference; lastKnownFileType = text.plist.xml; path = Info.plist; sourceTree = "<group>"; };
		DD0047F32ACB96C500DD9A02 /* FirstScreenView.swift */ = {isa = PBXFileReference; lastKnownFileType = sourcecode.swift; path = FirstScreenView.swift; sourceTree = "<group>"; };
		DD0047F52ACB992E00DD9A02 /* TableViewExpenseCell.swift */ = {isa = PBXFileReference; lastKnownFileType = sourcecode.swift; path = TableViewExpenseCell.swift; sourceTree = "<group>"; };
		DD0047F72ACB9DEE00DD9A02 /* Expense.swift */ = {isa = PBXFileReference; lastKnownFileType = sourcecode.swift; path = Expense.swift; sourceTree = "<group>"; };
		DD0047FB2ACBAE6D00DD9A02 /* AddExpenseView.swift */ = {isa = PBXFileReference; lastKnownFileType = sourcecode.swift; path = AddExpenseView.swift; sourceTree = "<group>"; };
		DD0047FD2ACBAE8C00DD9A02 /* AddExpenseViewController.swift */ = {isa = PBXFileReference; lastKnownFileType = sourcecode.swift; path = AddExpenseViewController.swift; sourceTree = "<group>"; };
		DD0047FF2ACBB74B00DD9A02 /* Utilities.swift */ = {isa = PBXFileReference; lastKnownFileType = sourcecode.swift; path = Utilities.swift; sourceTree = "<group>"; };
		DD0048022ACBBD3400DD9A02 /* DisplayExpenseViewController.swift */ = {isa = PBXFileReference; lastKnownFileType = sourcecode.swift; path = DisplayExpenseViewController.swift; sourceTree = "<group>"; };
		DD0048042ACBBDB800DD9A02 /* DisplayExpense.swift */ = {isa = PBXFileReference; lastKnownFileType = sourcecode.swift; path = DisplayExpense.swift; sourceTree = "<group>"; };
/* End PBXFileReference section */

/* Begin PBXFrameworksBuildPhase section */
		DD0047D92ACB95AD00DD9A02 /* Frameworks */ = {
			isa = PBXFrameworksBuildPhase;
			buildActionMask = 2147483647;
			files = (
			);
			runOnlyForDeploymentPostprocessing = 0;
		};
/* End PBXFrameworksBuildPhase section */

/* Begin PBXGroup section */
		DD0047D32ACB95AD00DD9A02 = {
			isa = PBXGroup;
			children = (
				DD0047DE2ACB95AD00DD9A02 /* ExpenseApp */,
				DD0047DD2ACB95AD00DD9A02 /* Products */,
			);
			sourceTree = "<group>";
		};
		DD0047DD2ACB95AD00DD9A02 /* Products */ = {
			isa = PBXGroup;
			children = (
				DD0047DC2ACB95AD00DD9A02 /* ExpenseApp.app */,
			);
			name = Products;
			sourceTree = "<group>";
		};
		DD0047DE2ACB95AD00DD9A02 /* ExpenseApp */ = {
			isa = PBXGroup;
			children = (
				DD0047DF2ACB95AD00DD9A02 /* AppDelegate.swift */,
				DD0047E12ACB95AD00DD9A02 /* SceneDelegate.swift */,
				DD0047FA2ACBA20200DD9A02 /* DataModels */,
				DD0047F92ACBA1DB00DD9A02 /* FirstScreen */,
				DD0048012ACBBCD800DD9A02 /* SecondScreen */,
				DD0048062ACBC15E00DD9A02 /* ThirdScreen */,
				DD0047E52ACB95AD00DD9A02 /* Main.storyboard */,
				DD0047E82ACB95AF00DD9A02 /* Assets.xcassets */,
				DD0047EA2ACB95AF00DD9A02 /* LaunchScreen.storyboard */,
				DD0047ED2ACB95AF00DD9A02 /* Info.plist */,
			);
			path = ExpenseApp;
			sourceTree = "<group>";
		};
		DD0047F92ACBA1DB00DD9A02 /* FirstScreen */ = {
			isa = PBXGroup;
			children = (
				DD0047E32ACB95AD00DD9A02 /* ViewController.swift */,
				DD0047F32ACB96C500DD9A02 /* FirstScreenView.swift */,
				DD0047F52ACB992E00DD9A02 /* TableViewExpenseCell.swift */,
			);
			path = FirstScreen;
			sourceTree = "<group>";
		};
		DD0047FA2ACBA20200DD9A02 /* DataModels */ = {
			isa = PBXGroup;
			children = (
				DD0047FF2ACBB74B00DD9A02 /* Utilities.swift */,
				DD0047F72ACB9DEE00DD9A02 /* Expense.swift */,
			);
			path = DataModels;
			sourceTree = "<group>";
		};
		DD0048012ACBBCD800DD9A02 /* SecondScreen */ = {
			isa = PBXGroup;
			children = (
				DD0047FB2ACBAE6D00DD9A02 /* AddExpenseView.swift */,
				DD0047FD2ACBAE8C00DD9A02 /* AddExpenseViewController.swift */,
			);
			path = SecondScreen;
			sourceTree = "<group>";
		};
		DD0048062ACBC15E00DD9A02 /* ThirdScreen */ = {
			isa = PBXGroup;
			children = (
				DD0048022ACBBD3400DD9A02 /* DisplayExpenseViewController.swift */,
				DD0048042ACBBDB800DD9A02 /* DisplayExpense.swift */,
			);
			path = ThirdScreen;
			sourceTree = "<group>";
		};
/* End PBXGroup section */

/* Begin PBXNativeTarget section */
		DD0047DB2ACB95AD00DD9A02 /* ExpenseApp */ = {
			isa = PBXNativeTarget;
			buildConfigurationList = DD0047F02ACB95AF00DD9A02 /* Build configuration list for PBXNativeTarget "ExpenseApp" */;
			buildPhases = (
				DD0047D82ACB95AD00DD9A02 /* Sources */,
				DD0047D92ACB95AD00DD9A02 /* Frameworks */,
				DD0047DA2ACB95AD00DD9A02 /* Resources */,
			);
			buildRules = (
			);
			dependencies = (
			);
			name = ExpenseApp;
			productName = ExpenseApp;
			productReference = DD0047DC2ACB95AD00DD9A02 /* ExpenseApp.app */;
			productType = "com.apple.product-type.application";
		};
/* End PBXNativeTarget section */

/* Begin PBXProject section */
		DD0047D42ACB95AD00DD9A02 /* Project object */ = {
			isa = PBXProject;
			attributes = {
				BuildIndependentTargetsInParallel = 1;
				LastSwiftUpdateCheck = 1500;
				LastUpgradeCheck = 1500;
				TargetAttributes = {
					DD0047DB2ACB95AD00DD9A02 = {
						CreatedOnToolsVersion = 15.0;
					};
				};
			};
			buildConfigurationList = DD0047D72ACB95AD00DD9A02 /* Build configuration list for PBXProject "ExpenseApp" */;
			compatibilityVersion = "Xcode 14.0";
			developmentRegion = en;
			hasScannedForEncodings = 0;
			knownRegions = (
				en,
				Base,
			);
			mainGroup = DD0047D32ACB95AD00DD9A02;
			productRefGroup = DD0047DD2ACB95AD00DD9A02 /* Products */;
			projectDirPath = "";
			projectRoot = "";
			targets = (
				DD0047DB2ACB95AD00DD9A02 /* ExpenseApp */,
			);
		};
/* End PBXProject section */

/* Begin PBXResourcesBuildPhase section */
		DD0047DA2ACB95AD00DD9A02 /* Resources */ = {
			isa = PBXResourcesBuildPhase;
			buildActionMask = 2147483647;
			files = (
				DD0047EC2ACB95AF00DD9A02 /* LaunchScreen.storyboard in Resources */,
				DD0047E92ACB95AF00DD9A02 /* Assets.xcassets in Resources */,
				DD0047E72ACB95AD00DD9A02 /* Main.storyboard in Resources */,
			);
			runOnlyForDeploymentPostprocessing = 0;
		};
/* End PBXResourcesBuildPhase section */

/* Begin PBXSourcesBuildPhase section */
		DD0047D82ACB95AD00DD9A02 /* Sources */ = {
			isa = PBXSourcesBuildPhase;
			buildActionMask = 2147483647;
			files = (
				DD0047F82ACB9DEE00DD9A02 /* Expense.swift in Sources */,
				DD0047FE2ACBAE8C00DD9A02 /* AddExpenseViewController.swift in Sources */,
				DD0047E42ACB95AD00DD9A02 /* ViewController.swift in Sources */,
				DD0047E02ACB95AD00DD9A02 /* AppDelegate.swift in Sources */,
				DD0047E22ACB95AD00DD9A02 /* SceneDelegate.swift in Sources */,
				DD0048032ACBBD3400DD9A02 /* DisplayExpenseViewController.swift in Sources */,
				DD0047FC2ACBAE6D00DD9A02 /* AddExpenseView.swift in Sources */,
				DD0048052ACBBDB800DD9A02 /* DisplayExpense.swift in Sources */,
				DD0048002ACBB74B00DD9A02 /* Utilities.swift in Sources */,
				DD0047F62ACB992E00DD9A02 /* TableViewExpenseCell.swift in Sources */,
				DD0047F42ACB96C500DD9A02 /* FirstScreenView.swift in Sources */,
			);
			runOnlyForDeploymentPostprocessing = 0;
		};
/* End PBXSourcesBuildPhase section */

/* Begin PBXVariantGroup section */
		DD0047E52ACB95AD00DD9A02 /* Main.storyboard */ = {
			isa = PBXVariantGroup;
			children = (
				DD0047E62ACB95AD00DD9A02 /* Base */,
			);
			name = Main.storyboard;
			sourceTree = "<group>";
		};
		DD0047EA2ACB95AF00DD9A02 /* LaunchScreen.storyboard */ = {
			isa = PBXVariantGroup;
			children = (
				DD0047EB2ACB95AF00DD9A02 /* Base */,
			);
			name = LaunchScreen.storyboard;
			sourceTree = "<group>";
		};
/* End PBXVariantGroup section */

/* Begin XCBuildConfiguration section */
		DD0047EE2ACB95AF00DD9A02 /* Debug */ = {
			isa = XCBuildConfiguration;
			buildSettings = {
				ALWAYS_SEARCH_USER_PATHS = NO;
				ASSETCATALOG_COMPILER_GENERATE_SWIFT_ASSET_SYMBOL_EXTENSIONS = YES;
				CLANG_ANALYZER_NONNULL = YES;
				CLANG_ANALYZER_NUMBER_OBJECT_CONVERSION = YES_AGGRESSIVE;
				CLANG_CXX_LANGUAGE_STANDARD = "gnu++20";
				CLANG_ENABLE_MODULES = YES;
				CLANG_ENABLE_OBJC_ARC = YES;
				CLANG_ENABLE_OBJC_WEAK = YES;
				CLANG_WARN_BLOCK_CAPTURE_AUTORELEASING = YES;
				CLANG_WARN_BOOL_CONVERSION = YES;
				CLANG_WARN_COMMA = YES;
				CLANG_WARN_CONSTANT_CONVERSION = YES;
				CLANG_WARN_DEPRECATED_OBJC_IMPLEMENTATIONS = YES;
				CLANG_WARN_DIRECT_OBJC_ISA_USAGE = YES_ERROR;
				CLANG_WARN_DOCUMENTATION_COMMENTS = YES;
				CLANG_WARN_EMPTY_BODY = YES;
				CLANG_WARN_ENUM_CONVERSION = YES;
				CLANG_WARN_INFINITE_RECURSION = YES;
				CLANG_WARN_INT_CONVERSION = YES;
				CLANG_WARN_NON_LITERAL_NULL_CONVERSION = YES;
				CLANG_WARN_OBJC_IMPLICIT_RETAIN_SELF = YES;
				CLANG_WARN_OBJC_LITERAL_CONVERSION = YES;
				CLANG_WARN_OBJC_ROOT_CLASS = YES_ERROR;
				CLANG_WARN_QUOTED_INCLUDE_IN_FRAMEWORK_HEADER = YES;
				CLANG_WARN_RANGE_LOOP_ANALYSIS = YES;
				CLANG_WARN_STRICT_PROTOTYPES = YES;
				CLANG_WARN_SUSPICIOUS_MOVE = YES;
				CLANG_WARN_UNGUARDED_AVAILABILITY = YES_AGGRESSIVE;
				CLANG_WARN_UNREACHABLE_CODE = YES;
				CLANG_WARN__DUPLICATE_METHOD_MATCH = YES;
				COPY_PHASE_STRIP = NO;
				DEBUG_INFORMATION_FORMAT = dwarf;
				ENABLE_STRICT_OBJC_MSGSEND = YES;
				ENABLE_TESTABILITY = YES;
				ENABLE_USER_SCRIPT_SANDBOXING = YES;
				GCC_C_LANGUAGE_STANDARD = gnu17;
				GCC_DYNAMIC_NO_PIC = NO;
				GCC_NO_COMMON_BLOCKS = YES;
				GCC_OPTIMIZATION_LEVEL = 0;
				GCC_PREPROCESSOR_DEFINITIONS = (
					"DEBUG=1",
					"$(inherited)",
				);
				GCC_WARN_64_TO_32_BIT_CONVERSION = YES;
				GCC_WARN_ABOUT_RETURN_TYPE = YES_ERROR;
				GCC_WARN_UNDECLARED_SELECTOR = YES;
				GCC_WARN_UNINITIALIZED_AUTOS = YES_AGGRESSIVE;
				GCC_WARN_UNUSED_FUNCTION = YES;
				GCC_WARN_UNUSED_VARIABLE = YES;
				IPHONEOS_DEPLOYMENT_TARGET = 17.0;
				LOCALIZATION_PREFERS_STRING_CATALOGS = YES;
				MTL_ENABLE_DEBUG_INFO = INCLUDE_SOURCE;
				MTL_FAST_MATH = YES;
				ONLY_ACTIVE_ARCH = YES;
				SDKROOT = iphoneos;
				SWIFT_ACTIVE_COMPILATION_CONDITIONS = "DEBUG $(inherited)";
				SWIFT_OPTIMIZATION_LEVEL = "-Onone";
			};
			name = Debug;
		};
		DD0047EF2ACB95AF00DD9A02 /* Release */ = {
			isa = XCBuildConfiguration;
			buildSettings = {
				ALWAYS_SEARCH_USER_PATHS = NO;
				ASSETCATALOG_COMPILER_GENERATE_SWIFT_ASSET_SYMBOL_EXTENSIONS = YES;
				CLANG_ANALYZER_NONNULL = YES;
				CLANG_ANALYZER_NUMBER_OBJECT_CONVERSION = YES_AGGRESSIVE;
				CLANG_CXX_LANGUAGE_STANDARD = "gnu++20";
				CLANG_ENABLE_MODULES = YES;
				CLANG_ENABLE_OBJC_ARC = YES;
				CLANG_ENABLE_OBJC_WEAK = YES;
				CLANG_WARN_BLOCK_CAPTURE_AUTORELEASING = YES;
				CLANG_WARN_BOOL_CONVERSION = YES;
				CLANG_WARN_COMMA = YES;
				CLANG_WARN_CONSTANT_CONVERSION = YES;
				CLANG_WARN_DEPRECATED_OBJC_IMPLEMENTATIONS = YES;
				CLANG_WARN_DIRECT_OBJC_ISA_USAGE = YES_ERROR;
				CLANG_WARN_DOCUMENTATION_COMMENTS = YES;
				CLANG_WARN_EMPTY_BODY = YES;
				CLANG_WARN_ENUM_CONVERSION = YES;
				CLANG_WARN_INFINITE_RECURSION = YES;
				CLANG_WARN_INT_CONVERSION = YES;
				CLANG_WARN_NON_LITERAL_NULL_CONVERSION = YES;
				CLANG_WARN_OBJC_IMPLICIT_RETAIN_SELF = YES;
				CLANG_WARN_OBJC_LITERAL_CONVERSION = YES;
				CLANG_WARN_OBJC_ROOT_CLASS = YES_ERROR;
				CLANG_WARN_QUOTED_INCLUDE_IN_FRAMEWORK_HEADER = YES;
				CLANG_WARN_RANGE_LOOP_ANALYSIS = YES;
				CLANG_WARN_STRICT_PROTOTYPES = YES;
				CLANG_WARN_SUSPICIOUS_MOVE = YES;
				CLANG_WARN_UNGUARDED_AVAILABILITY = YES_AGGRESSIVE;
				CLANG_WARN_UNREACHABLE_CODE = YES;
				CLANG_WARN__DUPLICATE_METHOD_MATCH = YES;
				COPY_PHASE_STRIP = NO;
				DEBUG_INFORMATION_FORMAT = "dwarf-with-dsym";
				ENABLE_NS_ASSERTIONS = NO;
				ENABLE_STRICT_OBJC_MSGSEND = YES;
				ENABLE_USER_SCRIPT_SANDBOXING = YES;
				GCC_C_LANGUAGE_STANDARD = gnu17;
				GCC_NO_COMMON_BLOCKS = YES;
				GCC_WARN_64_TO_32_BIT_CONVERSION = YES;
				GCC_WARN_ABOUT_RETURN_TYPE = YES_ERROR;
				GCC_WARN_UNDECLARED_SELECTOR = YES;
				GCC_WARN_UNINITIALIZED_AUTOS = YES_AGGRESSIVE;
				GCC_WARN_UNUSED_FUNCTION = YES;
				GCC_WARN_UNUSED_VARIABLE = YES;
				IPHONEOS_DEPLOYMENT_TARGET = 17.0;
				LOCALIZATION_PREFERS_STRING_CATALOGS = YES;
				MTL_ENABLE_DEBUG_INFO = NO;
				MTL_FAST_MATH = YES;
				SDKROOT = iphoneos;
				SWIFT_COMPILATION_MODE = wholemodule;
				VALIDATE_PRODUCT = YES;
			};
			name = Release;
		};
		DD0047F12ACB95AF00DD9A02 /* Debug */ = {
			isa = XCBuildConfiguration;
			buildSettings = {
				ASSETCATALOG_COMPILER_APPICON_NAME = AppIcon;
				ASSETCATALOG_COMPILER_GLOBAL_ACCENT_COLOR_NAME = AccentColor;
				CODE_SIGN_STYLE = Automatic;
				CURRENT_PROJECT_VERSION = 1;
				DEVELOPMENT_TEAM = QGS9TDF9XV;
				GENERATE_INFOPLIST_FILE = YES;
				INFOPLIST_FILE = ExpenseApp/Info.plist;
				INFOPLIST_KEY_UIApplicationSupportsIndirectInputEvents = YES;
				INFOPLIST_KEY_UILaunchStoryboardName = LaunchScreen;
				INFOPLIST_KEY_UIMainStoryboardFile = Main;
				INFOPLIST_KEY_UISupportedInterfaceOrientations_iPad = "UIInterfaceOrientationPortrait UIInterfaceOrientationPortraitUpsideDown UIInterfaceOrientationLandscapeLeft UIInterfaceOrientationLandscapeRight";
				INFOPLIST_KEY_UISupportedInterfaceOrientations_iPhone = "UIInterfaceOrientationPortrait UIInterfaceOrientationLandscapeLeft UIInterfaceOrientationLandscapeRight";
				LD_RUNPATH_SEARCH_PATHS = (
					"$(inherited)",
					"@executable_path/Frameworks",
				);
				MARKETING_VERSION = 1.0;
				PRODUCT_BUNDLE_IDENTIFIER = com.nuios.ExpenseApp;
				PRODUCT_NAME = "$(TARGET_NAME)";
				SWIFT_EMIT_LOC_STRINGS = YES;
				SWIFT_VERSION = 5.0;
				TARGETED_DEVICE_FAMILY = "1,2";
			};
			name = Debug;
		};
		DD0047F22ACB95AF00DD9A02 /* Release */ = {
			isa = XCBuildConfiguration;
			buildSettings = {
				ASSETCATALOG_COMPILER_APPICON_NAME = AppIcon;
				ASSETCATALOG_COMPILER_GLOBAL_ACCENT_COLOR_NAME = AccentColor;
				CODE_SIGN_STYLE = Automatic;
				CURRENT_PROJECT_VERSION = 1;
				DEVELOPMENT_TEAM = QGS9TDF9XV;
				GENERATE_INFOPLIST_FILE = YES;
				INFOPLIST_FILE = ExpenseApp/Info.plist;
				INFOPLIST_KEY_UIApplicationSupportsIndirectInputEvents = YES;
				INFOPLIST_KEY_UILaunchStoryboardName = LaunchScreen;
				INFOPLIST_KEY_UIMainStoryboardFile = Main;
				INFOPLIST_KEY_UISupportedInterfaceOrientations_iPad = "UIInterfaceOrientationPortrait UIInterfaceOrientationPortraitUpsideDown UIInterfaceOrientationLandscapeLeft UIInterfaceOrientationLandscapeRight";
				INFOPLIST_KEY_UISupportedInterfaceOrientations_iPhone = "UIInterfaceOrientationPortrait UIInterfaceOrientationLandscapeLeft UIInterfaceOrientationLandscapeRight";
				LD_RUNPATH_SEARCH_PATHS = (
					"$(inherited)",
					"@executable_path/Frameworks",
				);
				MARKETING_VERSION = 1.0;
				PRODUCT_BUNDLE_IDENTIFIER = com.nuios.ExpenseApp;
				PRODUCT_NAME = "$(TARGET_NAME)";
				SWIFT_EMIT_LOC_STRINGS = YES;
				SWIFT_VERSION = 5.0;
				TARGETED_DEVICE_FAMILY = "1,2";
			};
			name = Release;
		};
/* End XCBuildConfiguration section */

/* Begin XCConfigurationList section */
		DD0047D72ACB95AD00DD9A02 /* Build configuration list for PBXProject "ExpenseApp" */ = {
			isa = XCConfigurationList;
			buildConfigurations = (
				DD0047EE2ACB95AF00DD9A02 /* Debug */,
				DD0047EF2ACB95AF00DD9A02 /* Release */,
			);
			defaultConfigurationIsVisible = 0;
			defaultConfigurationName = Release;
		};
		DD0047F02ACB95AF00DD9A02 /* Build configuration list for PBXNativeTarget "ExpenseApp" */ = {
			isa = XCConfigurationList;
			buildConfigurations = (
				DD0047F12ACB95AF00DD9A02 /* Debug */,
				DD0047F22ACB95AF00DD9A02 /* Release */,
			);
			defaultConfigurationIsVisible = 0;
			defaultConfigurationName = Release;
		};
/* End XCConfigurationList section */
	};
	rootObject = DD0047D42ACB95AD00DD9A02 /* Project object */;
}
