// !$*UTF8*$!
{
	archiveVersion = 1;
	classes = {
	};
	objectVersion = 56;
	objects = {

/* Begin PBXBuildFile section */
		DDB35C0D2AD3A7DD006D54DD /* AppDelegate.swift in Sources */ = {isa = PBXBuildFile; fileRef = DDB35C0C2AD3A7DD006D54DD /* AppDelegate.swift */; };
		DDB35C0F2AD3A7DD006D54DD /* SceneDelegate.swift in Sources */ = {isa = PBXBuildFile; fileRef = DDB35C0E2AD3A7DD006D54DD /* SceneDelegate.swift */; };
		DDB35C112AD3A7DD006D54DD /* ViewController.swift in Sources */ = {isa = PBXBuildFile; fileRef = DDB35C102AD3A7DD006D54DD /* ViewController.swift */; };
		DDB35C142AD3A7DD006D54DD /* Main.storyboard in Resources */ = {isa = PBXBuildFile; fileRef = DDB35C122AD3A7DD006D54DD /* Main.storyboard */; };
		DDB35C162AD3A7DF006D54DD /* Assets.xcassets in Resources */ = {isa = PBXBuildFile; fileRef = DDB35C152AD3A7DF006D54DD /* Assets.xcassets */; };
		DDB35C192AD3A7DF006D54DD /* LaunchScreen.storyboard in Resources */ = {isa = PBXBuildFile; fileRef = DDB35C172AD3A7DF006D54DD /* LaunchScreen.storyboard */; };
		DDB35C212AD3A7FD006D54DD /* FirstScreenView.swift in Sources */ = {isa = PBXBuildFile; fileRef = DDB35C202AD3A7FD006D54DD /* FirstScreenView.swift */; };
		DDB35C232AD3A84F006D54DD /* TableViewExpenseCell.swift in Sources */ = {isa = PBXBuildFile; fileRef = DDB35C222AD3A84F006D54DD /* TableViewExpenseCell.swift */; };
		DDB35C262AD3AB0F006D54DD /* AddExpenseView.swift in Sources */ = {isa = PBXBuildFile; fileRef = DDB35C252AD3AB0F006D54DD /* AddExpenseView.swift */; };
		DDB35C282AD3AB3A006D54DD /* AddExpenseViewController.swift in Sources */ = {isa = PBXBuildFile; fileRef = DDB35C272AD3AB3A006D54DD /* AddExpenseViewController.swift */; };
		DDB35C2D2AD3AB76006D54DD /* Utilities.swift in Sources */ = {isa = PBXBuildFile; fileRef = DDB35C2C2AD3AB76006D54DD /* Utilities.swift */; };
		DDB35C2F2AD3AB8E006D54DD /* Expense.swift in Sources */ = {isa = PBXBuildFile; fileRef = DDB35C2E2AD3AB8E006D54DD /* Expense.swift */; };
		DDB35C322AD3ABBC006D54DD /* DisplayExpenseViewController.swift in Sources */ = {isa = PBXBuildFile; fileRef = DDB35C312AD3ABBC006D54DD /* DisplayExpenseViewController.swift */; };
		DDB35C342AD3ABD8006D54DD /* DisplayExpenseView.swift in Sources */ = {isa = PBXBuildFile; fileRef = DDB35C332AD3ABD8006D54DD /* DisplayExpenseView.swift */; };
/* End PBXBuildFile section */

/* Begin PBXFileReference section */
		DDB35C092AD3A7DD006D54DD /* ExpenseApp2.app */ = {isa = PBXFileReference; explicitFileType = wrapper.application; includeInIndex = 0; path = ExpenseApp2.app; sourceTree = BUILT_PRODUCTS_DIR; };
		DDB35C0C2AD3A7DD006D54DD /* AppDelegate.swift */ = {isa = PBXFileReference; lastKnownFileType = sourcecode.swift; path = AppDelegate.swift; sourceTree = "<group>"; };
		DDB35C0E2AD3A7DD006D54DD /* SceneDelegate.swift */ = {isa = PBXFileReference; lastKnownFileType = sourcecode.swift; path = SceneDelegate.swift; sourceTree = "<group>"; };
		DDB35C102AD3A7DD006D54DD /* ViewController.swift */ = {isa = PBXFileReference; lastKnownFileType = sourcecode.swift; path = ViewController.swift; sourceTree = "<group>"; };
		DDB35C132AD3A7DD006D54DD /* Base */ = {isa = PBXFileReference; lastKnownFileType = file.storyboard; name = Base; path = Base.lproj/Main.storyboard; sourceTree = "<group>"; };
		DDB35C152AD3A7DF006D54DD /* Assets.xcassets */ = {isa = PBXFileReference; lastKnownFileType = folder.assetcatalog; path = Assets.xcassets; sourceTree = "<group>"; };
		DDB35C182AD3A7DF006D54DD /* Base */ = {isa = PBXFileReference; lastKnownFileType = file.storyboard; name = Base; path = Base.lproj/LaunchScreen.storyboard; sourceTree = "<group>"; };
		DDB35C1A2AD3A7DF006D54DD /* Info.plist */ = {isa = PBXFileReference; lastKnownFileType = text.plist.xml; path = Info.plist; sourceTree = "<group>"; };
		DDB35C202AD3A7FD006D54DD /* FirstScreenView.swift */ = {isa = PBXFileReference; lastKnownFileType = sourcecode.swift; path = FirstScreenView.swift; sourceTree = "<group>"; };
		DDB35C222AD3A84F006D54DD /* TableViewExpenseCell.swift */ = {isa = PBXFileReference; lastKnownFileType = sourcecode.swift; path = TableViewExpenseCell.swift; sourceTree = "<group>"; };
		DDB35C252AD3AB0F006D54DD /* AddExpenseView.swift */ = {isa = PBXFileReference; lastKnownFileType = sourcecode.swift; path = AddExpenseView.swift; sourceTree = "<group>"; };
		DDB35C272AD3AB3A006D54DD /* AddExpenseViewController.swift */ = {isa = PBXFileReference; lastKnownFileType = sourcecode.swift; path = AddExpenseViewController.swift; sourceTree = "<group>"; };
		DDB35C2C2AD3AB76006D54DD /* Utilities.swift */ = {isa = PBXFileReference; lastKnownFileType = sourcecode.swift; path = Utilities.swift; sourceTree = "<group>"; };
		DDB35C2E2AD3AB8E006D54DD /* Expense.swift */ = {isa = PBXFileReference; lastKnownFileType = sourcecode.swift; path = Expense.swift; sourceTree = "<group>"; };
		DDB35C312AD3ABBC006D54DD /* DisplayExpenseViewController.swift */ = {isa = PBXFileReference; lastKnownFileType = sourcecode.swift; path = DisplayExpenseViewController.swift; sourceTree = "<group>"; };
		DDB35C332AD3ABD8006D54DD /* DisplayExpenseView.swift */ = {isa = PBXFileReference; lastKnownFileType = sourcecode.swift; path = DisplayExpenseView.swift; sourceTree = "<group>"; };
/* End PBXFileReference section */

/* Begin PBXFrameworksBuildPhase section */
		DDB35C062AD3A7DD006D54DD /* Frameworks */ = {
			isa = PBXFrameworksBuildPhase;
			buildActionMask = 2147483647;
			files = (
			);
			runOnlyForDeploymentPostprocessing = 0;
		};
/* End PBXFrameworksBuildPhase section */

/* Begin PBXGroup section */
		DDB35C002AD3A7DD006D54DD = {
			isa = PBXGroup;
			children = (
				DDB35C0B2AD3A7DD006D54DD /* ExpenseApp2 */,
				DDB35C0A2AD3A7DD006D54DD /* Products */,
			);
			sourceTree = "<group>";
		};
		DDB35C0A2AD3A7DD006D54DD /* Products */ = {
			isa = PBXGroup;
			children = (
				DDB35C092AD3A7DD006D54DD /* ExpenseApp2.app */,
			);
			name = Products;
			sourceTree = "<group>";
		};
		DDB35C0B2AD3A7DD006D54DD /* ExpenseApp2 */ = {
			isa = PBXGroup;
			children = (
				DDB35C0C2AD3A7DD006D54DD /* AppDelegate.swift */,
				DDB35C0E2AD3A7DD006D54DD /* SceneDelegate.swift */,
				DDB35C302AD3AB96006D54DD /* DataModels */,
				DDB35C242AD3A866006D54DD /* FirstScreen */,
				DDB35C292AD3AB46006D54DD /* SecondScreen */,
				DDB35C352AD3ACC7006D54DD /* ThirdScreen */,
				DDB35C122AD3A7DD006D54DD /* Main.storyboard */,
				DDB35C152AD3A7DF006D54DD /* Assets.xcassets */,
				DDB35C172AD3A7DF006D54DD /* LaunchScreen.storyboard */,
				DDB35C1A2AD3A7DF006D54DD /* Info.plist */,
			);
			path = ExpenseApp2;
			sourceTree = "<group>";
		};
		DDB35C242AD3A866006D54DD /* FirstScreen */ = {
			isa = PBXGroup;
			children = (
				DDB35C102AD3A7DD006D54DD /* ViewController.swift */,
				DDB35C222AD3A84F006D54DD /* TableViewExpenseCell.swift */,
				DDB35C202AD3A7FD006D54DD /* FirstScreenView.swift */,
			);
			path = FirstScreen;
			sourceTree = "<group>";
		};
		DDB35C292AD3AB46006D54DD /* SecondScreen */ = {
			isa = PBXGroup;
			children = (
				DDB35C252AD3AB0F006D54DD /* AddExpenseView.swift */,
				DDB35C272AD3AB3A006D54DD /* AddExpenseViewController.swift */,
			);
			path = SecondScreen;
			sourceTree = "<group>";
		};
		DDB35C302AD3AB96006D54DD /* DataModels */ = {
			isa = PBXGroup;
			children = (
				DDB35C2C2AD3AB76006D54DD /* Utilities.swift */,
				DDB35C2E2AD3AB8E006D54DD /* Expense.swift */,
			);
			path = DataModels;
			sourceTree = "<group>";
		};
		DDB35C352AD3ACC7006D54DD /* ThirdScreen */ = {
			isa = PBXGroup;
			children = (
				DDB35C312AD3ABBC006D54DD /* DisplayExpenseViewController.swift */,
				DDB35C332AD3ABD8006D54DD /* DisplayExpenseView.swift */,
			);
			path = ThirdScreen;
			sourceTree = "<group>";
		};
/* End PBXGroup section */

/* Begin PBXNativeTarget section */
		DDB35C082AD3A7DD006D54DD /* ExpenseApp2 */ = {
			isa = PBXNativeTarget;
			buildConfigurationList = DDB35C1D2AD3A7DF006D54DD /* Build configuration list for PBXNativeTarget "ExpenseApp2" */;
			buildPhases = (
				DDB35C052AD3A7DD006D54DD /* Sources */,
				DDB35C062AD3A7DD006D54DD /* Frameworks */,
				DDB35C072AD3A7DD006D54DD /* Resources */,
			);
			buildRules = (
			);
			dependencies = (
			);
			name = ExpenseApp2;
			productName = ExpenseApp2;
			productReference = DDB35C092AD3A7DD006D54DD /* ExpenseApp2.app */;
			productType = "com.apple.product-type.application";
		};
/* End PBXNativeTarget section */

/* Begin PBXProject section */
		DDB35C012AD3A7DD006D54DD /* Project object */ = {
			isa = PBXProject;
			attributes = {
				BuildIndependentTargetsInParallel = 1;
				LastSwiftUpdateCheck = 1500;
				LastUpgradeCheck = 1500;
				TargetAttributes = {
					DDB35C082AD3A7DD006D54DD = {
						CreatedOnToolsVersion = 15.0;
					};
				};
			};
			buildConfigurationList = DDB35C042AD3A7DD006D54DD /* Build configuration list for PBXProject "ExpenseApp2" */;
			compatibilityVersion = "Xcode 14.0";
			developmentRegion = en;
			hasScannedForEncodings = 0;
			knownRegions = (
				en,
				Base,
			);
			mainGroup = DDB35C002AD3A7DD006D54DD;
			productRefGroup = DDB35C0A2AD3A7DD006D54DD /* Products */;
			projectDirPath = "";
			projectRoot = "";
			targets = (
				DDB35C082AD3A7DD006D54DD /* ExpenseApp2 */,
			);
		};
/* End PBXProject section */

/* Begin PBXResourcesBuildPhase section */
		DDB35C072AD3A7DD006D54DD /* Resources */ = {
			isa = PBXResourcesBuildPhase;
			buildActionMask = 2147483647;
			files = (
				DDB35C192AD3A7DF006D54DD /* LaunchScreen.storyboard in Resources */,
				DDB35C162AD3A7DF006D54DD /* Assets.xcassets in Resources */,
				DDB35C142AD3A7DD006D54DD /* Main.storyboard in Resources */,
			);
			runOnlyForDeploymentPostprocessing = 0;
		};
/* End PBXResourcesBuildPhase section */

/* Begin PBXSourcesBuildPhase section */
		DDB35C052AD3A7DD006D54DD /* Sources */ = {
			isa = PBXSourcesBuildPhase;
			buildActionMask = 2147483647;
			files = (
				DDB35C112AD3A7DD006D54DD /* ViewController.swift in Sources */,
				DDB35C232AD3A84F006D54DD /* TableViewExpenseCell.swift in Sources */,
				DDB35C0D2AD3A7DD006D54DD /* AppDelegate.swift in Sources */,
				DDB35C262AD3AB0F006D54DD /* AddExpenseView.swift in Sources */,
				DDB35C342AD3ABD8006D54DD /* DisplayExpenseView.swift in Sources */,
				DDB35C0F2AD3A7DD006D54DD /* SceneDelegate.swift in Sources */,
				DDB35C212AD3A7FD006D54DD /* FirstScreenView.swift in Sources */,
				DDB35C322AD3ABBC006D54DD /* DisplayExpenseViewController.swift in Sources */,
				DDB35C2F2AD3AB8E006D54DD /* Expense.swift in Sources */,
				DDB35C2D2AD3AB76006D54DD /* Utilities.swift in Sources */,
				DDB35C282AD3AB3A006D54DD /* AddExpenseViewController.swift in Sources */,
			);
			runOnlyForDeploymentPostprocessing = 0;
		};
/* End PBXSourcesBuildPhase section */

/* Begin PBXVariantGroup section */
		DDB35C122AD3A7DD006D54DD /* Main.storyboard */ = {
			isa = PBXVariantGroup;
			children = (
				DDB35C132AD3A7DD006D54DD /* Base */,
			);
			name = Main.storyboard;
			sourceTree = "<group>";
		};
		DDB35C172AD3A7DF006D54DD /* LaunchScreen.storyboard */ = {
			isa = PBXVariantGroup;
			children = (
				DDB35C182AD3A7DF006D54DD /* Base */,
			);
			name = LaunchScreen.storyboard;
			sourceTree = "<group>";
		};
/* End PBXVariantGroup section */

/* Begin XCBuildConfiguration section */
		DDB35C1B2AD3A7DF006D54DD /* Debug */ = {
			isa = XCBuildConfiguration;
			buildSettings = {
				ALWAYS_SEARCH_USER_PATHS = NO;
				ASSETCATALOG_COMPILER_GENERATE_SWIFT_ASSET_SYMBOL_EXTENSIONS = YES;
				CLANG_ANALYZER_NONNULL = YES;
				CLANG_ANALYZER_NUMBER_OBJECT_CONVERSION = YES_AGGRESSIVE;
				CLANG_CXX_LANGUAGE_STANDARD = "gnu++20";
				CLANG_ENABLE_MODULES = YES;
				CLANG_ENABLE_OBJC_ARC = YES;
				CLANG_ENABLE_OBJC_WEAK = YES;
				CLANG_WARN_BLOCK_CAPTURE_AUTORELEASING = YES;
				CLANG_WARN_BOOL_CONVERSION = YES;
				CLANG_WARN_COMMA = YES;
				CLANG_WARN_CONSTANT_CONVERSION = YES;
				CLANG_WARN_DEPRECATED_OBJC_IMPLEMENTATIONS = YES;
				CLANG_WARN_DIRECT_OBJC_ISA_USAGE = YES_ERROR;
				CLANG_WARN_DOCUMENTATION_COMMENTS = YES;
				CLANG_WARN_EMPTY_BODY = YES;
				CLANG_WARN_ENUM_CONVERSION = YES;
				CLANG_WARN_INFINITE_RECURSION = YES;
				CLANG_WARN_INT_CONVERSION = YES;
				CLANG_WARN_NON_LITERAL_NULL_CONVERSION = YES;
				CLANG_WARN_OBJC_IMPLICIT_RETAIN_SELF = YES;
				CLANG_WARN_OBJC_LITERAL_CONVERSION = YES;
				CLANG_WARN_OBJC_ROOT_CLASS = YES_ERROR;
				CLANG_WARN_QUOTED_INCLUDE_IN_FRAMEWORK_HEADER = YES;
				CLANG_WARN_RANGE_LOOP_ANALYSIS = YES;
				CLANG_WARN_STRICT_PROTOTYPES = YES;
				CLANG_WARN_SUSPICIOUS_MOVE = YES;
				CLANG_WARN_UNGUARDED_AVAILABILITY = YES_AGGRESSIVE;
				CLANG_WARN_UNREACHABLE_CODE = YES;
				CLANG_WARN__DUPLICATE_METHOD_MATCH = YES;
				COPY_PHASE_STRIP = NO;
				DEBUG_INFORMATION_FORMAT = dwarf;
				ENABLE_STRICT_OBJC_MSGSEND = YES;
				ENABLE_TESTABILITY = YES;
				ENABLE_USER_SCRIPT_SANDBOXING = YES;
				GCC_C_LANGUAGE_STANDARD = gnu17;
				GCC_DYNAMIC_NO_PIC = NO;
				GCC_NO_COMMON_BLOCKS = YES;
				GCC_OPTIMIZATION_LEVEL = 0;
				GCC_PREPROCESSOR_DEFINITIONS = (
					"DEBUG=1",
					"$(inherited)",
				);
				GCC_WARN_64_TO_32_BIT_CONVERSION = YES;
				GCC_WARN_ABOUT_RETURN_TYPE = YES_ERROR;
				GCC_WARN_UNDECLARED_SELECTOR = YES;
				GCC_WARN_UNINITIALIZED_AUTOS = YES_AGGRESSIVE;
				GCC_WARN_UNUSED_FUNCTION = YES;
				GCC_WARN_UNUSED_VARIABLE = YES;
				IPHONEOS_DEPLOYMENT_TARGET = 17.0;
				LOCALIZATION_PREFERS_STRING_CATALOGS = YES;
				MTL_ENABLE_DEBUG_INFO = INCLUDE_SOURCE;
				MTL_FAST_MATH = YES;
				ONLY_ACTIVE_ARCH = YES;
				SDKROOT = iphoneos;
				SWIFT_ACTIVE_COMPILATION_CONDITIONS = "DEBUG $(inherited)";
				SWIFT_OPTIMIZATION_LEVEL = "-Onone";
			};
			name = Debug;
		};
		DDB35C1C2AD3A7DF006D54DD /* Release */ = {
			isa = XCBuildConfiguration;
			buildSettings = {
				ALWAYS_SEARCH_USER_PATHS = NO;
				ASSETCATALOG_COMPILER_GENERATE_SWIFT_ASSET_SYMBOL_EXTENSIONS = YES;
				CLANG_ANALYZER_NONNULL = YES;
				CLANG_ANALYZER_NUMBER_OBJECT_CONVERSION = YES_AGGRESSIVE;
				CLANG_CXX_LANGUAGE_STANDARD = "gnu++20";
				CLANG_ENABLE_MODULES = YES;
				CLANG_ENABLE_OBJC_ARC = YES;
				CLANG_ENABLE_OBJC_WEAK = YES;
				CLANG_WARN_BLOCK_CAPTURE_AUTORELEASING = YES;
				CLANG_WARN_BOOL_CONVERSION = YES;
				CLANG_WARN_COMMA = YES;
				CLANG_WARN_CONSTANT_CONVERSION = YES;
				CLANG_WARN_DEPRECATED_OBJC_IMPLEMENTATIONS = YES;
				CLANG_WARN_DIRECT_OBJC_ISA_USAGE = YES_ERROR;
				CLANG_WARN_DOCUMENTATION_COMMENTS = YES;
				CLANG_WARN_EMPTY_BODY = YES;
				CLANG_WARN_ENUM_CONVERSION = YES;
				CLANG_WARN_INFINITE_RECURSION = YES;
				CLANG_WARN_INT_CONVERSION = YES;
				CLANG_WARN_NON_LITERAL_NULL_CONVERSION = YES;
				CLANG_WARN_OBJC_IMPLICIT_RETAIN_SELF = YES;
				CLANG_WARN_OBJC_LITERAL_CONVERSION = YES;
				CLANG_WARN_OBJC_ROOT_CLASS = YES_ERROR;
				CLANG_WARN_QUOTED_INCLUDE_IN_FRAMEWORK_HEADER = YES;
				CLANG_WARN_RANGE_LOOP_ANALYSIS = YES;
				CLANG_WARN_STRICT_PROTOTYPES = YES;
				CLANG_WARN_SUSPICIOUS_MOVE = YES;
				CLANG_WARN_UNGUARDED_AVAILABILITY = YES_AGGRESSIVE;
				CLANG_WARN_UNREACHABLE_CODE = YES;
				CLANG_WARN__DUPLICATE_METHOD_MATCH = YES;
				COPY_PHASE_STRIP = NO;
				DEBUG_INFORMATION_FORMAT = "dwarf-with-dsym";
				ENABLE_NS_ASSERTIONS = NO;
				ENABLE_STRICT_OBJC_MSGSEND = YES;
				ENABLE_USER_SCRIPT_SANDBOXING = YES;
				GCC_C_LANGUAGE_STANDARD = gnu17;
				GCC_NO_COMMON_BLOCKS = YES;
				GCC_WARN_64_TO_32_BIT_CONVERSION = YES;
				GCC_WARN_ABOUT_RETURN_TYPE = YES_ERROR;
				GCC_WARN_UNDECLARED_SELECTOR = YES;
				GCC_WARN_UNINITIALIZED_AUTOS = YES_AGGRESSIVE;
				GCC_WARN_UNUSED_FUNCTION = YES;
				GCC_WARN_UNUSED_VARIABLE = YES;
				IPHONEOS_DEPLOYMENT_TARGET = 17.0;
				LOCALIZATION_PREFERS_STRING_CATALOGS = YES;
				MTL_ENABLE_DEBUG_INFO = NO;
				MTL_FAST_MATH = YES;
				SDKROOT = iphoneos;
				SWIFT_COMPILATION_MODE = wholemodule;
				VALIDATE_PRODUCT = YES;
			};
			name = Release;
		};
		DDB35C1E2AD3A7DF006D54DD /* Debug */ = {
			isa = XCBuildConfiguration;
			buildSettings = {
				ASSETCATALOG_COMPILER_APPICON_NAME = AppIcon;
				ASSETCATALOG_COMPILER_GLOBAL_ACCENT_COLOR_NAME = AccentColor;
				CODE_SIGN_STYLE = Automatic;
				CURRENT_PROJECT_VERSION = 1;
				DEVELOPMENT_TEAM = QGS9TDF9XV;
				GENERATE_INFOPLIST_FILE = YES;
				INFOPLIST_FILE = ExpenseApp2/Info.plist;
				INFOPLIST_KEY_UIApplicationSupportsIndirectInputEvents = YES;
				INFOPLIST_KEY_UILaunchStoryboardName = LaunchScreen;
				INFOPLIST_KEY_UIMainStoryboardFile = Main;
				INFOPLIST_KEY_UISupportedInterfaceOrientations_iPad = "UIInterfaceOrientationPortrait UIInterfaceOrientationPortraitUpsideDown UIInterfaceOrientationLandscapeLeft UIInterfaceOrientationLandscapeRight";
				INFOPLIST_KEY_UISupportedInterfaceOrientations_iPhone = "UIInterfaceOrientationPortrait UIInterfaceOrientationLandscapeLeft UIInterfaceOrientationLandscapeRight";
				LD_RUNPATH_SEARCH_PATHS = (
					"$(inherited)",
					"@executable_path/Frameworks",
				);
				MARKETING_VERSION = 1.0;
				PRODUCT_BUNDLE_IDENTIFIER = com.nuios.ExpenseApp2;
				PRODUCT_NAME = "$(TARGET_NAME)";
				SWIFT_EMIT_LOC_STRINGS = YES;
				SWIFT_VERSION = 5.0;
				TARGETED_DEVICE_FAMILY = "1,2";
			};
			name = Debug;
		};
		DDB35C1F2AD3A7DF006D54DD /* Release */ = {
			isa = XCBuildConfiguration;
			buildSettings = {
				ASSETCATALOG_COMPILER_APPICON_NAME = AppIcon;
				ASSETCATALOG_COMPILER_GLOBAL_ACCENT_COLOR_NAME = AccentColor;
				CODE_SIGN_STYLE = Automatic;
				CURRENT_PROJECT_VERSION = 1;
				DEVELOPMENT_TEAM = QGS9TDF9XV;
				GENERATE_INFOPLIST_FILE = YES;
				INFOPLIST_FILE = ExpenseApp2/Info.plist;
				INFOPLIST_KEY_UIApplicationSupportsIndirectInputEvents = YES;
				INFOPLIST_KEY_UILaunchStoryboardName = LaunchScreen;
				INFOPLIST_KEY_UIMainStoryboardFile = Main;
				INFOPLIST_KEY_UISupportedInterfaceOrientations_iPad = "UIInterfaceOrientationPortrait UIInterfaceOrientationPortraitUpsideDown UIInterfaceOrientationLandscapeLeft UIInterfaceOrientationLandscapeRight";
				INFOPLIST_KEY_UISupportedInterfaceOrientations_iPhone = "UIInterfaceOrientationPortrait UIInterfaceOrientationLandscapeLeft UIInterfaceOrientationLandscapeRight";
				LD_RUNPATH_SEARCH_PATHS = (
					"$(inherited)",
					"@executable_path/Frameworks",
				);
				MARKETING_VERSION = 1.0;
				PRODUCT_BUNDLE_IDENTIFIER = com.nuios.ExpenseApp2;
				PRODUCT_NAME = "$(TARGET_NAME)";
				SWIFT_EMIT_LOC_STRINGS = YES;
				SWIFT_VERSION = 5.0;
				TARGETED_DEVICE_FAMILY = "1,2";
			};
			name = Release;
		};
/* End XCBuildConfiguration section */

/* Begin XCConfigurationList section */
		DDB35C042AD3A7DD006D54DD /* Build configuration list for PBXProject "ExpenseApp2" */ = {
			isa = XCConfigurationList;
			buildConfigurations = (
				DDB35C1B2AD3A7DF006D54DD /* Debug */,
				DDB35C1C2AD3A7DF006D54DD /* Release */,
			);
			defaultConfigurationIsVisible = 0;
			defaultConfigurationName = Release;
		};
		DDB35C1D2AD3A7DF006D54DD /* Build configuration list for PBXNativeTarget "ExpenseApp2" */ = {
			isa = XCConfigurationList;
			buildConfigurations = (
				DDB35C1E2AD3A7DF006D54DD /* Debug */,
				DDB35C1F2AD3A7DF006D54DD /* Release */,
			);
			defaultConfigurationIsVisible = 0;
			defaultConfigurationName = Release;
		};
/* End XCConfigurationList section */
	};
	rootObject = DDB35C012AD3A7DD006D54DD /* Project object */;
}
