// !$*UTF8*$!
{
	archiveVersion = 1;
	classes = {
	};
	objectVersion = 56;
	objects = {

/* Begin PBXBuildFile section */
		DD4076D52AC2781E00FECA86 /* AppDelegate.swift in Sources */ = {isa = PBXBuildFile; fileRef = DD4076D42AC2781E00FECA86 /* AppDelegate.swift */; };
		DD4076D72AC2781E00FECA86 /* SceneDelegate.swift in Sources */ = {isa = PBXBuildFile; fileRef = DD4076D62AC2781E00FECA86 /* SceneDelegate.swift */; };
		DD4076D92AC2781E00FECA86 /* ViewController.swift in Sources */ = {isa = PBXBuildFile; fileRef = DD4076D82AC2781E00FECA86 /* ViewController.swift */; };
		DD4076DC2AC2781E00FECA86 /* Main.storyboard in Resources */ = {isa = PBXBuildFile; fileRef = DD4076DA2AC2781E00FECA86 /* Main.storyboard */; };
		DD4076DE2AC2782000FECA86 /* Assets.xcassets in Resources */ = {isa = PBXBuildFile; fileRef = DD4076DD2AC2782000FECA86 /* Assets.xcassets */; };
		DD4076E12AC2782000FECA86 /* LaunchScreen.storyboard in Resources */ = {isa = PBXBuildFile; fileRef = DD4076DF2AC2782000FECA86 /* LaunchScreen.storyboard */; };
		DD4076EF2AC2AD7F00FECA86 /* FirstScreenView.swift in Sources */ = {isa = PBXBuildFile; fileRef = DD4076EE2AC2AD7F00FECA86 /* FirstScreenView.swift */; };
		DD4076F12AC2AFF900FECA86 /* DisplayView.swift in Sources */ = {isa = PBXBuildFile; fileRef = DD4076F02AC2AFF900FECA86 /* DisplayView.swift */; };
		DD4076F72AC2B9B900FECA86 /* DisplayViewController.swift in Sources */ = {isa = PBXBuildFile; fileRef = DD4076F62AC2B9B900FECA86 /* DisplayViewController.swift */; };
/* End PBXBuildFile section */

/* Begin PBXFileReference section */
		DD4076D12AC2781E00FECA86 /* NavigatorApp2.app */ = {isa = PBXFileReference; explicitFileType = wrapper.application; includeInIndex = 0; path = NavigatorApp2.app; sourceTree = BUILT_PRODUCTS_DIR; };
		DD4076D42AC2781E00FECA86 /* AppDelegate.swift */ = {isa = PBXFileReference; lastKnownFileType = sourcecode.swift; path = AppDelegate.swift; sourceTree = "<group>"; };
		DD4076D62AC2781E00FECA86 /* SceneDelegate.swift */ = {isa = PBXFileReference; lastKnownFileType = sourcecode.swift; path = SceneDelegate.swift; sourceTree = "<group>"; };
		DD4076D82AC2781E00FECA86 /* ViewController.swift */ = {isa = PBXFileReference; lastKnownFileType = sourcecode.swift; path = ViewController.swift; sourceTree = "<group>"; };
		DD4076DB2AC2781E00FECA86 /* Base */ = {isa = PBXFileReference; lastKnownFileType = file.storyboard; name = Base; path = Base.lproj/Main.storyboard; sourceTree = "<group>"; };
		DD4076DD2AC2782000FECA86 /* Assets.xcassets */ = {isa = PBXFileReference; lastKnownFileType = folder.assetcatalog; path = Assets.xcassets; sourceTree = "<group>"; };
		DD4076E02AC2782000FECA86 /* Base */ = {isa = PBXFileReference; lastKnownFileType = file.storyboard; name = Base; path = Base.lproj/LaunchScreen.storyboard; sourceTree = "<group>"; };
		DD4076E22AC2782000FECA86 /* Info.plist */ = {isa = PBXFileReference; lastKnownFileType = text.plist.xml; path = Info.plist; sourceTree = "<group>"; };
		DD4076EE2AC2AD7F00FECA86 /* FirstScreenView.swift */ = {isa = PBXFileReference; lastKnownFileType = sourcecode.swift; path = FirstScreenView.swift; sourceTree = "<group>"; };
		DD4076F02AC2AFF900FECA86 /* DisplayView.swift */ = {isa = PBXFileReference; lastKnownFileType = sourcecode.swift; path = DisplayView.swift; sourceTree = "<group>"; };
		DD4076F62AC2B9B900FECA86 /* DisplayViewController.swift */ = {isa = PBXFileReference; lastKnownFileType = sourcecode.swift; path = DisplayViewController.swift; sourceTree = "<group>"; };
/* End PBXFileReference section */

/* Begin PBXFrameworksBuildPhase section */
		DD4076CE2AC2781E00FECA86 /* Frameworks */ = {
			isa = PBXFrameworksBuildPhase;
			buildActionMask = 2147483647;
			files = (
			);
			runOnlyForDeploymentPostprocessing = 0;
		};
/* End PBXFrameworksBuildPhase section */

/* Begin PBXGroup section */
		DD4076C82AC2781E00FECA86 = {
			isa = PBXGroup;
			children = (
				DD4076D32AC2781E00FECA86 /* NavigatorApp2 */,
				DD4076D22AC2781E00FECA86 /* Products */,
			);
			sourceTree = "<group>";
		};
		DD4076D22AC2781E00FECA86 /* Products */ = {
			isa = PBXGroup;
			children = (
				DD4076D12AC2781E00FECA86 /* NavigatorApp2.app */,
			);
			name = Products;
			sourceTree = "<group>";
		};
		DD4076D32AC2781E00FECA86 /* NavigatorApp2 */ = {
			isa = PBXGroup;
			children = (
				DD4076F42AC2B88600FECA86 /* FirstScreen */,
				DD4076F52AC2B8A300FECA86 /* SecondScreen */,
				DD4076D42AC2781E00FECA86 /* AppDelegate.swift */,
				DD4076D62AC2781E00FECA86 /* SceneDelegate.swift */,
				DD4076DA2AC2781E00FECA86 /* Main.storyboard */,
				DD4076DD2AC2782000FECA86 /* Assets.xcassets */,
				DD4076DF2AC2782000FECA86 /* LaunchScreen.storyboard */,
				DD4076E22AC2782000FECA86 /* Info.plist */,
			);
			path = NavigatorApp2;
			sourceTree = "<group>";
		};
		DD4076F42AC2B88600FECA86 /* FirstScreen */ = {
			isa = PBXGroup;
			children = (
				DD4076D82AC2781E00FECA86 /* ViewController.swift */,
				DD4076EE2AC2AD7F00FECA86 /* FirstScreenView.swift */,
			);
			path = FirstScreen;
			sourceTree = "<group>";
		};
		DD4076F52AC2B8A300FECA86 /* SecondScreen */ = {
			isa = PBXGroup;
			children = (
				DD4076F62AC2B9B900FECA86 /* DisplayViewController.swift */,
				DD4076F02AC2AFF900FECA86 /* DisplayView.swift */,
			);
			path = SecondScreen;
			sourceTree = "<group>";
		};
/* End PBXGroup section */

/* Begin PBXNativeTarget section */
		DD4076D02AC2781E00FECA86 /* NavigatorApp2 */ = {
			isa = PBXNativeTarget;
			buildConfigurationList = DD4076E52AC2782000FECA86 /* Build configuration list for PBXNativeTarget "NavigatorApp2" */;
			buildPhases = (
				DD4076CD2AC2781E00FECA86 /* Sources */,
				DD4076CE2AC2781E00FECA86 /* Frameworks */,
				DD4076CF2AC2781E00FECA86 /* Resources */,
			);
			buildRules = (
			);
			dependencies = (
			);
			name = NavigatorApp2;
			productName = NavigatorApp2;
			productReference = DD4076D12AC2781E00FECA86 /* NavigatorApp2.app */;
			productType = "com.apple.product-type.application";
		};
/* End PBXNativeTarget section */

/* Begin PBXProject section */
		DD4076C92AC2781E00FECA86 /* Project object */ = {
			isa = PBXProject;
			attributes = {
				BuildIndependentTargetsInParallel = 1;
				LastSwiftUpdateCheck = 1500;
				LastUpgradeCheck = 1500;
				TargetAttributes = {
					DD4076D02AC2781E00FECA86 = {
						CreatedOnToolsVersion = 15.0;
					};
				};
			};
			buildConfigurationList = DD4076CC2AC2781E00FECA86 /* Build configuration list for PBXProject "NavigatorApp2" */;
			compatibilityVersion = "Xcode 14.0";
			developmentRegion = en;
			hasScannedForEncodings = 0;
			knownRegions = (
				en,
				Base,
			);
			mainGroup = DD4076C82AC2781E00FECA86;
			productRefGroup = DD4076D22AC2781E00FECA86 /* Products */;
			projectDirPath = "";
			projectRoot = "";
			targets = (
				DD4076D02AC2781E00FECA86 /* NavigatorApp2 */,
			);
		};
/* End PBXProject section */

/* Begin PBXResourcesBuildPhase section */
		DD4076CF2AC2781E00FECA86 /* Resources */ = {
			isa = PBXResourcesBuildPhase;
			buildActionMask = 2147483647;
			files = (
				DD4076E12AC2782000FECA86 /* LaunchScreen.storyboard in Resources */,
				DD4076DE2AC2782000FECA86 /* Assets.xcassets in Resources */,
				DD4076DC2AC2781E00FECA86 /* Main.storyboard in Resources */,
			);
			runOnlyForDeploymentPostprocessing = 0;
		};
/* End PBXResourcesBuildPhase section */

/* Begin PBXSourcesBuildPhase section */
		DD4076CD2AC2781E00FECA86 /* Sources */ = {
			isa = PBXSourcesBuildPhase;
			buildActionMask = 2147483647;
			files = (
				DD4076D92AC2781E00FECA86 /* ViewController.swift in Sources */,
				DD4076F72AC2B9B900FECA86 /* DisplayViewController.swift in Sources */,
				DD4076D52AC2781E00FECA86 /* AppDelegate.swift in Sources */,
				DD4076D72AC2781E00FECA86 /* SceneDelegate.swift in Sources */,
				DD4076F12AC2AFF900FECA86 /* DisplayView.swift in Sources */,
				DD4076EF2AC2AD7F00FECA86 /* FirstScreenView.swift in Sources */,
			);
			runOnlyForDeploymentPostprocessing = 0;
		};
/* End PBXSourcesBuildPhase section */

/* Begin PBXVariantGroup section */
		DD4076DA2AC2781E00FECA86 /* Main.storyboard */ = {
			isa = PBXVariantGroup;
			children = (
				DD4076DB2AC2781E00FECA86 /* Base */,
			);
			name = Main.storyboard;
			sourceTree = "<group>";
		};
		DD4076DF2AC2782000FECA86 /* LaunchScreen.storyboard */ = {
			isa = PBXVariantGroup;
			children = (
				DD4076E02AC2782000FECA86 /* Base */,
			);
			name = LaunchScreen.storyboard;
			sourceTree = "<group>";
		};
/* End PBXVariantGroup section */

/* Begin XCBuildConfiguration section */
		DD4076E32AC2782000FECA86 /* Debug */ = {
			isa = XCBuildConfiguration;
			buildSettings = {
				ALWAYS_SEARCH_USER_PATHS = NO;
				ASSETCATALOG_COMPILER_GENERATE_SWIFT_ASSET_SYMBOL_EXTENSIONS = YES;
				CLANG_ANALYZER_NONNULL = YES;
				CLANG_ANALYZER_NUMBER_OBJECT_CONVERSION = YES_AGGRESSIVE;
				CLANG_CXX_LANGUAGE_STANDARD = "gnu++20";
				CLANG_ENABLE_MODULES = YES;
				CLANG_ENABLE_OBJC_ARC = YES;
				CLANG_ENABLE_OBJC_WEAK = YES;
				CLANG_WARN_BLOCK_CAPTURE_AUTORELEASING = YES;
				CLANG_WARN_BOOL_CONVERSION = YES;
				CLANG_WARN_COMMA = YES;
				CLANG_WARN_CONSTANT_CONVERSION = YES;
				CLANG_WARN_DEPRECATED_OBJC_IMPLEMENTATIONS = YES;
				CLANG_WARN_DIRECT_OBJC_ISA_USAGE = YES_ERROR;
				CLANG_WARN_DOCUMENTATION_COMMENTS = YES;
				CLANG_WARN_EMPTY_BODY = YES;
				CLANG_WARN_ENUM_CONVERSION = YES;
				CLANG_WARN_INFINITE_RECURSION = YES;
				CLANG_WARN_INT_CONVERSION = YES;
				CLANG_WARN_NON_LITERAL_NULL_CONVERSION = YES;
				CLANG_WARN_OBJC_IMPLICIT_RETAIN_SELF = YES;
				CLANG_WARN_OBJC_LITERAL_CONVERSION = YES;
				CLANG_WARN_OBJC_ROOT_CLASS = YES_ERROR;
				CLANG_WARN_QUOTED_INCLUDE_IN_FRAMEWORK_HEADER = YES;
				CLANG_WARN_RANGE_LOOP_ANALYSIS = YES;
				CLANG_WARN_STRICT_PROTOTYPES = YES;
				CLANG_WARN_SUSPICIOUS_MOVE = YES;
				CLANG_WARN_UNGUARDED_AVAILABILITY = YES_AGGRESSIVE;
				CLANG_WARN_UNREACHABLE_CODE = YES;
				CLANG_WARN__DUPLICATE_METHOD_MATCH = YES;
				COPY_PHASE_STRIP = NO;
				DEBUG_INFORMATION_FORMAT = dwarf;
				ENABLE_STRICT_OBJC_MSGSEND = YES;
				ENABLE_TESTABILITY = YES;
				ENABLE_USER_SCRIPT_SANDBOXING = YES;
				GCC_C_LANGUAGE_STANDARD = gnu17;
				GCC_DYNAMIC_NO_PIC = NO;
				GCC_NO_COMMON_BLOCKS = YES;
				GCC_OPTIMIZATION_LEVEL = 0;
				GCC_PREPROCESSOR_DEFINITIONS = (
					"DEBUG=1",
					"$(inherited)",
				);
				GCC_WARN_64_TO_32_BIT_CONVERSION = YES;
				GCC_WARN_ABOUT_RETURN_TYPE = YES_ERROR;
				GCC_WARN_UNDECLARED_SELECTOR = YES;
				GCC_WARN_UNINITIALIZED_AUTOS = YES_AGGRESSIVE;
				GCC_WARN_UNUSED_FUNCTION = YES;
				GCC_WARN_UNUSED_VARIABLE = YES;
				IPHONEOS_DEPLOYMENT_TARGET = 17.0;
				LOCALIZATION_PREFERS_STRING_CATALOGS = YES;
				MTL_ENABLE_DEBUG_INFO = INCLUDE_SOURCE;
				MTL_FAST_MATH = YES;
				ONLY_ACTIVE_ARCH = YES;
				SDKROOT = iphoneos;
				SWIFT_ACTIVE_COMPILATION_CONDITIONS = "DEBUG $(inherited)";
				SWIFT_OPTIMIZATION_LEVEL = "-Onone";
			};
			name = Debug;
		};
		DD4076E42AC2782000FECA86 /* Release */ = {
			isa = XCBuildConfiguration;
			buildSettings = {
				ALWAYS_SEARCH_USER_PATHS = NO;
				ASSETCATALOG_COMPILER_GENERATE_SWIFT_ASSET_SYMBOL_EXTENSIONS = YES;
				CLANG_ANALYZER_NONNULL = YES;
				CLANG_ANALYZER_NUMBER_OBJECT_CONVERSION = YES_AGGRESSIVE;
				CLANG_CXX_LANGUAGE_STANDARD = "gnu++20";
				CLANG_ENABLE_MODULES = YES;
				CLANG_ENABLE_OBJC_ARC = YES;
				CLANG_ENABLE_OBJC_WEAK = YES;
				CLANG_WARN_BLOCK_CAPTURE_AUTORELEASING = YES;
				CLANG_WARN_BOOL_CONVERSION = YES;
				CLANG_WARN_COMMA = YES;
				CLANG_WARN_CONSTANT_CONVERSION = YES;
				CLANG_WARN_DEPRECATED_OBJC_IMPLEMENTATIONS = YES;
				CLANG_WARN_DIRECT_OBJC_ISA_USAGE = YES_ERROR;
				CLANG_WARN_DOCUMENTATION_COMMENTS = YES;
				CLANG_WARN_EMPTY_BODY = YES;
				CLANG_WARN_ENUM_CONVERSION = YES;
				CLANG_WARN_INFINITE_RECURSION = YES;
				CLANG_WARN_INT_CONVERSION = YES;
				CLANG_WARN_NON_LITERAL_NULL_CONVERSION = YES;
				CLANG_WARN_OBJC_IMPLICIT_RETAIN_SELF = YES;
				CLANG_WARN_OBJC_LITERAL_CONVERSION = YES;
				CLANG_WARN_OBJC_ROOT_CLASS = YES_ERROR;
				CLANG_WARN_QUOTED_INCLUDE_IN_FRAMEWORK_HEADER = YES;
				CLANG_WARN_RANGE_LOOP_ANALYSIS = YES;
				CLANG_WARN_STRICT_PROTOTYPES = YES;
				CLANG_WARN_SUSPICIOUS_MOVE = YES;
				CLANG_WARN_UNGUARDED_AVAILABILITY = YES_AGGRESSIVE;
				CLANG_WARN_UNREACHABLE_CODE = YES;
				CLANG_WARN__DUPLICATE_METHOD_MATCH = YES;
				COPY_PHASE_STRIP = NO;
				DEBUG_INFORMATION_FORMAT = "dwarf-with-dsym";
				ENABLE_NS_ASSERTIONS = NO;
				ENABLE_STRICT_OBJC_MSGSEND = YES;
				ENABLE_USER_SCRIPT_SANDBOXING = YES;
				GCC_C_LANGUAGE_STANDARD = gnu17;
				GCC_NO_COMMON_BLOCKS = YES;
				GCC_WARN_64_TO_32_BIT_CONVERSION = YES;
				GCC_WARN_ABOUT_RETURN_TYPE = YES_ERROR;
				GCC_WARN_UNDECLARED_SELECTOR = YES;
				GCC_WARN_UNINITIALIZED_AUTOS = YES_AGGRESSIVE;
				GCC_WARN_UNUSED_FUNCTION = YES;
				GCC_WARN_UNUSED_VARIABLE = YES;
				IPHONEOS_DEPLOYMENT_TARGET = 17.0;
				LOCALIZATION_PREFERS_STRING_CATALOGS = YES;
				MTL_ENABLE_DEBUG_INFO = NO;
				MTL_FAST_MATH = YES;
				SDKROOT = iphoneos;
				SWIFT_COMPILATION_MODE = wholemodule;
				VALIDATE_PRODUCT = YES;
			};
			name = Release;
		};
		DD4076E62AC2782000FECA86 /* Debug */ = {
			isa = XCBuildConfiguration;
			buildSettings = {
				ASSETCATALOG_COMPILER_APPICON_NAME = AppIcon;
				ASSETCATALOG_COMPILER_GLOBAL_ACCENT_COLOR_NAME = AccentColor;
				CODE_SIGN_STYLE = Automatic;
				CURRENT_PROJECT_VERSION = 1;
				DEVELOPMENT_TEAM = QGS9TDF9XV;
				GENERATE_INFOPLIST_FILE = YES;
				INFOPLIST_FILE = NavigatorApp2/Info.plist;
				INFOPLIST_KEY_UIApplicationSupportsIndirectInputEvents = YES;
				INFOPLIST_KEY_UILaunchStoryboardName = LaunchScreen;
				INFOPLIST_KEY_UIMainStoryboardFile = Main;
				INFOPLIST_KEY_UISupportedInterfaceOrientations_iPad = "UIInterfaceOrientationPortrait UIInterfaceOrientationPortraitUpsideDown UIInterfaceOrientationLandscapeLeft UIInterfaceOrientationLandscapeRight";
				INFOPLIST_KEY_UISupportedInterfaceOrientations_iPhone = "UIInterfaceOrientationPortrait UIInterfaceOrientationLandscapeLeft UIInterfaceOrientationLandscapeRight";
				LD_RUNPATH_SEARCH_PATHS = (
					"$(inherited)",
					"@executable_path/Frameworks",
				);
				MARKETING_VERSION = 1.0;
				PRODUCT_BUNDLE_IDENTIFIER = com.nuios.NavigatorApp2;
				PRODUCT_NAME = "$(TARGET_NAME)";
				SWIFT_EMIT_LOC_STRINGS = YES;
				SWIFT_VERSION = 5.0;
				TARGETED_DEVICE_FAMILY = "1,2";
			};
			name = Debug;
		};
		DD4076E72AC2782000FECA86 /* Release */ = {
			isa = XCBuildConfiguration;
			buildSettings = {
				ASSETCATALOG_COMPILER_APPICON_NAME = AppIcon;
				ASSETCATALOG_COMPILER_GLOBAL_ACCENT_COLOR_NAME = AccentColor;
				CODE_SIGN_STYLE = Automatic;
				CURRENT_PROJECT_VERSION = 1;
				DEVELOPMENT_TEAM = QGS9TDF9XV;
				GENERATE_INFOPLIST_FILE = YES;
				INFOPLIST_FILE = NavigatorApp2/Info.plist;
				INFOPLIST_KEY_UIApplicationSupportsIndirectInputEvents = YES;
				INFOPLIST_KEY_UILaunchStoryboardName = LaunchScreen;
				INFOPLIST_KEY_UIMainStoryboardFile = Main;
				INFOPLIST_KEY_UISupportedInterfaceOrientations_iPad = "UIInterfaceOrientationPortrait UIInterfaceOrientationPortraitUpsideDown UIInterfaceOrientationLandscapeLeft UIInterfaceOrientationLandscapeRight";
				INFOPLIST_KEY_UISupportedInterfaceOrientations_iPhone = "UIInterfaceOrientationPortrait UIInterfaceOrientationLandscapeLeft UIInterfaceOrientationLandscapeRight";
				LD_RUNPATH_SEARCH_PATHS = (
					"$(inherited)",
					"@executable_path/Frameworks",
				);
				MARKETING_VERSION = 1.0;
				PRODUCT_BUNDLE_IDENTIFIER = com.nuios.NavigatorApp2;
				PRODUCT_NAME = "$(TARGET_NAME)";
				SWIFT_EMIT_LOC_STRINGS = YES;
				SWIFT_VERSION = 5.0;
				TARGETED_DEVICE_FAMILY = "1,2";
			};
			name = Release;
		};
/* End XCBuildConfiguration section */

/* Begin XCConfigurationList section */
		DD4076CC2AC2781E00FECA86 /* Build configuration list for PBXProject "NavigatorApp2" */ = {
			isa = XCConfigurationList;
			buildConfigurations = (
				DD4076E32AC2782000FECA86 /* Debug */,
				DD4076E42AC2782000FECA86 /* Release */,
			);
			defaultConfigurationIsVisible = 0;
			defaultConfigurationName = Release;
		};
		DD4076E52AC2782000FECA86 /* Build configuration list for PBXNativeTarget "NavigatorApp2" */ = {
			isa = XCConfigurationList;
			buildConfigurations = (
				DD4076E62AC2782000FECA86 /* Debug */,
				DD4076E72AC2782000FECA86 /* Release */,
			);
			defaultConfigurationIsVisible = 0;
			defaultConfigurationName = Release;
		};
/* End XCConfigurationList section */
	};
	rootObject = DD4076C92AC2781E00FECA86 /* Project object */;
}
